{
  "name": "kazagumo",
  "version": "1.0.0",
  "lockfileVersion": 2,
  "requires": true,
  "packages": {
    "": {
      "version": "1.0.0",
      "license": "ISC",
      "dependencies": {
        "axios": "^0.21.4",
        "petitio": "^1.3.2",
        "shoukaku": "github:Deivu/Shoukaku#next",
        "spotify-uri": "^2.2.0"
      }
    },
    "node_modules/abort-controller": {
      "version": "3.0.0",
      "resolved": "https://registry.npmjs.org/abort-controller/-/abort-controller-3.0.0.tgz",
      "integrity": "sha512-h8lQ8tacZYnR3vNQTgibj+tODHI5/+l06Au2Pcriv/Gmet0eaj4TwWH41sO9wnHDiQsEj19q0drzdWdeAHtweg==",
      "dependencies": {
        "event-target-shim": "^5.0.0"
      },
      "engines": {
        "node": ">=6.5"
      }
    },
    "node_modules/axios": {
      "version": "0.21.4",
      "resolved": "https://registry.npmjs.org/axios/-/axios-0.21.4.tgz",
      "integrity": "sha512-ut5vewkiu8jjGBdqpM44XxjuCjq9LAKeHVmoVfHVzy8eHgxxq8SbAVQNovDA8mVi05kP0Ea/n/UzcSHcTJQfNg==",
      "dependencies": {
        "follow-redirects": "^1.14.0"
      }
    },
    "node_modules/event-target-shim": {
      "version": "5.0.1",
      "resolved": "https://registry.npmjs.org/event-target-shim/-/event-target-shim-5.0.1.tgz",
      "integrity": "sha512-i/2XbnSz/uxRCU6+NdVJgKWDTM427+MqYbkQzD321DuCQJUqOuJKIA0IM2+W2xtYHdKOmZ4dR6fExsd4SXL+WQ==",
      "engines": {
        "node": ">=6"
      }
    },
    "node_modules/follow-redirects": {
      "version": "1.14.4",
      "resolved": "https://registry.npmjs.org/follow-redirects/-/follow-redirects-1.14.4.tgz",
      "integrity": "sha512-zwGkiSXC1MUJG/qmeIFH2HBJx9u0V46QGUe3YR1fXG8bXQxq7fLj0RjLZQ5nubr9qNJUZrH+xUcwXEoXNpfS+g==",
      "funding": [
        {
          "type": "individual",
          "url": "https://github.com/sponsors/RubenVerborgh"
        }
      ],
      "engines": {
        "node": ">=4.0"
      },
      "peerDependenciesMeta": {
        "debug": {
          "optional": true
        }
      }
    },
    "node_modules/petitio": {
      "version": "1.3.2",
      "resolved": "https://registry.npmjs.org/petitio/-/petitio-1.3.2.tgz",
      "integrity": "sha512-hbbT+rOvovz39ZneGW+C8B4YsKH20KLXYVDT/IzSUxaY8H7al/TO+vFCm+H5cnYe62gIqF9ak5p8OJktV/I0Ig==",
      "engines": {
        "node": ">=12.3.0"
      }
    },
    "node_modules/shoukaku": {
      "version": "2.0.0",
      "resolved": "git+ssh://git@github.com/Deivu/Shoukaku.git#00fbea0e1f422aca20f2038c61167206219181fa",
      "license": "MIT",
      "dependencies": {
        "abort-controller": "^3.0.0",
        "petitio": "^1.3.2",
        "ws": "^8.0.0"
      },
      "engines": {
        "node": ">=16.6.0",
        "npm": ">=7.0.0"
      }
    },
    "node_modules/spotify-uri": {
      "version": "2.2.0",
      "resolved": "https://registry.npmjs.org/spotify-uri/-/spotify-uri-2.2.0.tgz",
      "integrity": "sha512-uUybj02bfyfCoZ0MJ80MkqbKxtIVRJfbRGk05KJFq1li3zb7yNfN1f+TAw4wcXgp7jLWExeiw2wyPQXZ8PHtfg==",
      "engines": {
        "node": ">= 6"
      }
    },
    "node_modules/ws": {
      "version": "8.2.2",
      "resolved": "https://registry.npmjs.org/ws/-/ws-8.2.2.tgz",
      "integrity": "sha512-Q6B6H2oc8QY3llc3cB8kVmQ6pnJWVQbP7Q5algTcIxx7YEpc0oU4NBVHlztA7Ekzfhw2r0rPducMUiCGWKQRzw==",
      "engines": {
        "node": ">=10.0.0"
      },
      "peerDependencies": {
        "bufferutil": "^4.0.1",
        "utf-8-validate": "^5.0.2"
      },
      "peerDependenciesMeta": {
        "bufferutil": {
          "optional": true
        },
        "utf-8-validate": {
          "optional": true
        }
      }
    }
  },
  "dependencies": {
    "abort-controller": {
      "version": "3.0.0",
      "resolved": "https://registry.npmjs.org/abort-controller/-/abort-controller-3.0.0.tgz",
      "integrity": "sha512-h8lQ8tacZYnR3vNQTgibj+tODHI5/+l06Au2Pcriv/Gmet0eaj4TwWH41sO9wnHDiQsEj19q0drzdWdeAHtweg==",
      "requires": {
        "event-target-shim": "^5.0.0"
      }
    },
    "axios": {
      "version": "0.21.4",
      "resolved": "https://registry.npmjs.org/axios/-/axios-0.21.4.tgz",
      "integrity": "sha512-ut5vewkiu8jjGBdqpM44XxjuCjq9LAKeHVmoVfHVzy8eHgxxq8SbAVQNovDA8mVi05kP0Ea/n/UzcSHcTJQfNg==",
      "requires": {
        "follow-redirects": "^1.14.0"
      }
    },
    "event-target-shim": {
      "version": "5.0.1",
      "resolved": "https://registry.npmjs.org/event-target-shim/-/event-target-shim-5.0.1.tgz",
      "integrity": "sha512-i/2XbnSz/uxRCU6+NdVJgKWDTM427+MqYbkQzD321DuCQJUqOuJKIA0IM2+W2xtYHdKOmZ4dR6fExsd4SXL+WQ=="
    },
    "follow-redirects": {
      "version": "1.14.4",
      "resolved": "https://registry.npmjs.org/follow-redirects/-/follow-redirects-1.14.4.tgz",
      "integrity": "sha512-zwGkiSXC1MUJG/qmeIFH2HBJx9u0V46QGUe3YR1fXG8bXQxq7fLj0RjLZQ5nubr9qNJUZrH+xUcwXEoXNpfS+g=="
    },
    "petitio": {
      "version": "1.3.2",
      "resolved": "https://registry.npmjs.org/petitio/-/petitio-1.3.2.tgz",
      "integrity": "sha512-hbbT+rOvovz39ZneGW+C8B4YsKH20KLXYVDT/IzSUxaY8H7al/TO+vFCm+H5cnYe62gIqF9ak5p8OJktV/I0Ig=="
    },
    "shoukaku": {
      "version": "git+ssh://git@github.com/Deivu/Shoukaku.git#00fbea0e1f422aca20f2038c61167206219181fa",
      "from": "shoukaku@github:Deivu/Shoukaku#next",
      "requires": {
        "abort-controller": "^3.0.0",
        "petitio": "^1.3.2",
        "ws": "^8.0.0"
      }
    },
    "spotify-uri": {
      "version": "2.2.0",
      "resolved": "https://registry.npmjs.org/spotify-uri/-/spotify-uri-2.2.0.tgz",
      "integrity": "sha512-uUybj02bfyfCoZ0MJ80MkqbKxtIVRJfbRGk05KJFq1li3zb7yNfN1f+TAw4wcXgp7jLWExeiw2wyPQXZ8PHtfg=="
    },
    "ws": {
      "version": "8.2.2",
      "resolved": "https://registry.npmjs.org/ws/-/ws-8.2.2.tgz",
      "integrity": "sha512-Q6B6H2oc8QY3llc3cB8kVmQ6pnJWVQbP7Q5algTcIxx7YEpc0oU4NBVHlztA7Ekzfhw2r0rPducMUiCGWKQRzw==",
      "requires": {}
    }
  }
}
